
Microsoft Visual Studio Solution File, Format Version 12.00
# Visual Studio 15
VisualStudioVersion = 15.0.26430.14
MinimumVisualStudioVersion = 10.0.40219.1
Project("{FAE04EC0-301F-11D3-BF4B-00C04F79EFBC}") = "MultithreadedWaveFunctionCollapse", "MultithreadedWaveFunctionCollapse.csproj", "{801840EA-1A29-4C72-A5F7-CAB25834F765}"
EndProject
Project("{2150E333-8FDC-42A3-9474-1A3956D46DE8}") = "Solution Items", "Solution Items", "{DE5351E5-3440-4D9D-A2E4-B620857A2996}"
	ProjectSection(SolutionItems) = preProject
		CHANGELOG.md = CHANGELOG.md
		README.md = README.md
	EndProjectSection
EndProject
Global
	GlobalSection(SolutionConfigurationPlatforms) = preSolution
		Debug|Any CPU = Debug|Any CPU
		P-Main|Any CPU = P-Main|Any CPU
		P-Observe|Any CPU = P-Observe|Any CPU
		P-Propagate|Any CPU = P-Propagate|Any CPU
		Release|Any CPU = Release|Any CPU
		S-Main|Any CPU = S-Main|Any CPU
	EndGlobalSection
	GlobalSection(ProjectConfigurationPlatforms) = postSolution
		{801840EA-1A29-4C72-A5F7-CAB25834F765}.Debug|Any CPU.ActiveCfg = Debug|Any CPU
		{801840EA-1A29-4C72-A5F7-CAB25834F765}.Debug|Any CPU.Build.0 = Debug|Any CPU
		{801840EA-1A29-4C72-A5F7-CAB25834F765}.P-Main|Any CPU.ActiveCfg = Debug - Parallel Main|Any CPU
		{801840EA-1A29-4C72-A5F7-CAB25834F765}.P-Main|Any CPU.Build.0 = Debug - Parallel Main|Any CPU
		{801840EA-1A29-4C72-A5F7-CAB25834F765}.P-Observe|Any CPU.ActiveCfg = Debug - Parallel Observe|Any CPU
		{801840EA-1A29-4C72-A5F7-CAB25834F765}.P-Observe|Any CPU.Build.0 = Debug - Parallel Observe|Any CPU
		{801840EA-1A29-4C72-A5F7-CAB25834F765}.P-Propagate|Any CPU.ActiveCfg = Debug - Parallel Propagate|Any CPU
		{801840EA-1A29-4C72-A5F7-CAB25834F765}.P-Propagate|Any CPU.Build.0 = Debug - Parallel Propagate|Any CPU
		{801840EA-1A29-4C72-A5F7-CAB25834F765}.Release|Any CPU.ActiveCfg = Debug|Any CPU
		{801840EA-1A29-4C72-A5F7-CAB25834F765}.Release|Any CPU.Build.0 = Debug|Any CPU
		{801840EA-1A29-4C72-A5F7-CAB25834F765}.S-Main|Any CPU.ActiveCfg = Debug - Sequential|Any CPU
		{801840EA-1A29-4C72-A5F7-CAB25834F765}.S-Main|Any CPU.Build.0 = Debug - Sequential|Any CPU
		{801840EA-1A29-4C72-A5F7-CAB25834F765}.S-Main|Any CPU.Deploy.0 = Debug - Sequential|Any CPU
	EndGlobalSection
	GlobalSection(SolutionProperties) = preSolution
		HideSolutionNode = FALSE
	EndGlobalSection
EndGlobal
